
Microsoft Visual Studio Solution File, Format Version 12.00
# Visual Studio Version 16
VisualStudioVersion = 16.0.32126.315
MinimumVisualStudioVersion = 10.0.40219.1
Project("{FAE04EC0-301F-11D3-BF4B-00C04F79EFBC}") = "Generate_Invest_Api", "Generate_Invest_Api.csproj", "{40F6533A-8145-4BF5-BBB4-7B0C5D5AE181}"
EndProject
Global
	GlobalSection(SolutionConfigurationPlatforms) = preSolution
		Debug|Any CPU = Debug|Any CPU
		Release|Any CPU = Release|Any CPU
	EndGlobalSection
	GlobalSection(ProjectConfigurationPlatforms) = postSolution
		{40F6533A-8145-4BF5-BBB4-7B0C5D5AE181}.Debug|Any CPU.ActiveCfg = Debug|Any CPU
		{40F6533A-8145-4BF5-BBB4-7B0C5D5AE181}.Debug|Any CPU.Build.0 = Debug|Any CPU
		{40F6533A-8145-4BF5-BBB4-7B0C5D5AE181}.Release|Any CPU.ActiveCfg = Release|Any CPU
		{40F6533A-8145-4BF5-BBB4-7B0C5D5AE181}.Release|Any CPU.Build.0 = Release|Any CPU
	EndGlobalSection
	GlobalSection(SolutionProperties) = preSolution
		HideSolutionNode = FALSE
	EndGlobalSection
	GlobalSection(ExtensibilityGlobals) = postSolution
		SolutionGuid = {06331BC4-CFB0-4F43-B23C-2F3A4223B36C}
	EndGlobalSection
EndGlobal
